
Microsoft Visual Studio Solution File, Format Version 12.00
# Visual Studio Version 17
VisualStudioVersion = 17.4.33213.308
MinimumVisualStudioVersion = 10.0.40219.1
Project("{FAE04EC0-301F-11D3-BF4B-00C04F79EFBC}") = "ProductAPI", "ProductAPI.csproj", "{A657EB43-5D00-4426-BE3B-CB0E66E0CA33}"
EndProject
Project("{FAE04EC0-301F-11D3-BF4B-00C04F79EFBC}") = "UserAPI", "..\UserAPI\UserAPI.csproj", "{EFB4ABE3-90FA-49B3-9559-20E13185FD05}"
EndProject
Project("{FAE04EC0-301F-11D3-BF4B-00C04F79EFBC}") = "OcelotGateway", "..\OcelotGateway\OcelotGateway.csproj", "{6F065EF2-C4FD-4666-A594-F8FC5E199EB4}"
EndProject
Global
	GlobalSection(SolutionConfigurationPlatforms) = preSolution
		Debug|Any CPU = Debug|Any CPU
		Release|Any CPU = Release|Any CPU
	EndGlobalSection
	GlobalSection(ProjectConfigurationPlatforms) = postSolution
		{A657EB43-5D00-4426-BE3B-CB0E66E0CA33}.Debug|Any CPU.ActiveCfg = Debug|Any CPU
		{A657EB43-5D00-4426-BE3B-CB0E66E0CA33}.Debug|Any CPU.Build.0 = Debug|Any CPU
		{A657EB43-5D00-4426-BE3B-CB0E66E0CA33}.Release|Any CPU.ActiveCfg = Release|Any CPU
		{A657EB43-5D00-4426-BE3B-CB0E66E0CA33}.Release|Any CPU.Build.0 = Release|Any CPU
		{EFB4ABE3-90FA-49B3-9559-20E13185FD05}.Debug|Any CPU.ActiveCfg = Debug|Any CPU
		{EFB4ABE3-90FA-49B3-9559-20E13185FD05}.Debug|Any CPU.Build.0 = Debug|Any CPU
		{EFB4ABE3-90FA-49B3-9559-20E13185FD05}.Release|Any CPU.ActiveCfg = Release|Any CPU
		{EFB4ABE3-90FA-49B3-9559-20E13185FD05}.Release|Any CPU.Build.0 = Release|Any CPU
		{6F065EF2-C4FD-4666-A594-F8FC5E199EB4}.Debug|Any CPU.ActiveCfg = Debug|Any CPU
		{6F065EF2-C4FD-4666-A594-F8FC5E199EB4}.Debug|Any CPU.Build.0 = Debug|Any CPU
		{6F065EF2-C4FD-4666-A594-F8FC5E199EB4}.Release|Any CPU.ActiveCfg = Release|Any CPU
		{6F065EF2-C4FD-4666-A594-F8FC5E199EB4}.Release|Any CPU.Build.0 = Release|Any CPU
	EndGlobalSection
	GlobalSection(SolutionProperties) = preSolution
		HideSolutionNode = FALSE
	EndGlobalSection
	GlobalSection(ExtensibilityGlobals) = postSolution
		SolutionGuid = {756694FB-37EA-4E98-88E8-29AC9A3C3B78}
	EndGlobalSection
EndGlobal
